
Microsoft Visual Studio Solution File, Format Version 12.00
# Visual Studio 15
VisualStudioVersion = 15.0.28307.329
MinimumVisualStudioVersion = 10.0.40219.1
Project("{FAE04EC0-301F-11D3-BF4B-00C04F79EFBC}") = "Assignment1", "Assignment1\Assignment1.csproj", "{D3C9D526-6816-4D89-96CA-770E73F5F164}"
EndProject
Global
	GlobalSection(SolutionConfigurationPlatforms) = preSolution
		Debug|Any CPU = Debug|Any CPU
		Release|Any CPU = Release|Any CPU
	EndGlobalSection
	GlobalSection(ProjectConfigurationPlatforms) = postSolution
		{D3C9D526-6816-4D89-96CA-770E73F5F164}.Debug|Any CPU.ActiveCfg = Debug|Any CPU
		{D3C9D526-6816-4D89-96CA-770E73F5F164}.Debug|Any CPU.Build.0 = Debug|Any CPU
		{D3C9D526-6816-4D89-96CA-770E73F5F164}.Release|Any CPU.ActiveCfg = Release|Any CPU
		{D3C9D526-6816-4D89-96CA-770E73F5F164}.Release|Any CPU.Build.0 = Release|Any CPU
	EndGlobalSection
	GlobalSection(SolutionProperties) = preSolution
		HideSolutionNode = FALSE
	EndGlobalSection
	GlobalSection(ExtensibilityGlobals) = postSolution
		SolutionGuid = {D06FD3DD-8DAD-4AF3-A491-1AE91EEAB050}
	EndGlobalSection
EndGlobal
